<?xml version="1.0" encoding="utf-8"?>
<Project ToolsVersion="4.0" xmlns="http://schemas.microsoft.com/developer/msbuild/2003">
  <ItemGroup>
    <Filter Include="Scenes">
      <UniqueIdentifier>{6e6854a7-6b94-408a-8bd5-a0753ae76b8d}</UniqueIdentifier>
    </Filter>
    <Filter Include="Contents">
      <UniqueIdentifier>{3f7a4f56-c2b0-4ec3-b26d-1e34cf687b87}</UniqueIdentifier>
    </Filter>
    <Filter Include="Script">
      <UniqueIdentifier>{f1cdc821-ff6e-47b5-a5f3-8aaaf5c00608}</UniqueIdentifier>
    </Filter>
  </ItemGroup>
  <ItemGroup>
    <ClInclude Include="KLoadScenes.h">
      <Filter>Scenes</Filter>
    </ClInclude>
    <ClInclude Include="KTitleScene.h">
      <Filter>Scenes</Filter>
    </ClInclude>
    <ClInclude Include="KPlayScene.h">
      <Filter>Scenes</Filter>
    </ClInclude>
    <ClInclude Include="KToolScene.h">
      <Filter>Scenes</Filter>
    </ClInclude>
    <ClInclude Include="KCat.h">
      <Filter>Contents</Filter>
    </ClInclude>
    <ClInclude Include="KPlayer.h">
      <Filter>Contents</Filter>
    </ClInclude>
    <ClInclude Include="KTile.h">
      <Filter>Contents</Filter>
    </ClInclude>
    <ClInclude Include="KFloor.h">
      <Filter>Contents</Filter>
    </ClInclude>
    <ClInclude Include="KCatScript.h">
      <Filter>Script</Filter>
    </ClInclude>
    <ClInclude Include="KCameraScript.h">
      <Filter>Script</Filter>
    </ClInclude>
    <ClInclude Include="KPlayerScript.h">
      <Filter>Script</Filter>
    </ClInclude>
    <ClInclude Include="KFloorScript.h">
      <Filter>Script</Filter>
    </ClInclude>
    <ClInclude Include="KD3D11Scene.h">
      <Filter>Scenes</Filter>
    </ClInclude>
  </ItemGroup>
  <ItemGroup>
    <ClCompile Include="KPlayScene.cpp">
      <Filter>Scenes</Filter>
    </ClCompile>
    <ClCompile Include="KTitleScene.cpp">
      <Filter>Scenes</Filter>
    </ClCompile>
    <ClCompile Include="KToolScene.cpp">
      <Filter>Scenes</Filter>
    </ClCompile>
    <ClCompile Include="KCat.cpp">
      <Filter>Contents</Filter>
    </ClCompile>
    <ClCompile Include="KPlayer.cpp">
      <Filter>Contents</Filter>
    </ClCompile>
    <ClCompile Include="KTile.cpp">
      <Filter>Contents</Filter>
    </ClCompile>
    <ClCompile Include="KFloor.cpp">
      <Filter>Contents</Filter>
    </ClCompile>
    <ClCompile Include="KCatScript.cpp">
      <Filter>Script</Filter>
    </ClCompile>
    <ClCompile Include="KCameraScript.cpp">
      <Filter>Script</Filter>
    </ClCompile>
    <ClCompile Include="KPlayerScript.cpp">
      <Filter>Script</Filter>
    </ClCompile>
    <ClCompile Include="KFloorScript.cpp">
      <Filter>Script</Filter>
    </ClCompile>
    <ClCompile Include="KD3D11Scene.cpp">
      <Filter>Scenes</Filter>
    </ClCompile>
  </ItemGroup>
</Project>